// !$*UTF8*$!
{
	archiveVersion = 1;
	classes = {
	};
	objectVersion = 46;
	objects = {

/* Begin PBXBuildFile section */
		66102D3D1ED6A81400F5F0F3 /* VCWebNovelDownloadManager.swift in Sources */ = {isa = PBXBuildFile; fileRef = 66102D3C1ED6A81400F5F0F3 /* VCWebNovelDownloadManager.swift */; };
		66102D411ED7DE6C00F5F0F3 /* Constants.swift in Sources */ = {isa = PBXBuildFile; fileRef = 66102D401ED7DE6C00F5F0F3 /* Constants.swift */; };
		666669E01EBAE87B00EE444E /* AppDelegate.swift in Sources */ = {isa = PBXBuildFile; fileRef = 666669DF1EBAE87B00EE444E /* AppDelegate.swift */; };
		666669E51EBAE87B00EE444E /* Main.storyboard in Resources */ = {isa = PBXBuildFile; fileRef = 666669E31EBAE87B00EE444E /* Main.storyboard */; };
		666669E71EBAE87B00EE444E /* Assets.xcassets in Resources */ = {isa = PBXBuildFile; fileRef = 666669E61EBAE87B00EE444E /* Assets.xcassets */; };
		666669EA1EBAE87B00EE444E /* LaunchScreen.storyboard in Resources */ = {isa = PBXBuildFile; fileRef = 666669E81EBAE87B00EE444E /* LaunchScreen.storyboard */; };
		66666A071EBB335200EE444E /* VCSearchViewController.swift in Sources */ = {isa = PBXBuildFile; fileRef = 66666A061EBB335200EE444E /* VCSearchViewController.swift */; };
		F50CD9774FB4FB680CC991C3 /* Pods_VCWebContentDownloaderDemo.framework in Frameworks */ = {isa = PBXBuildFile; fileRef = 4FB6035094B35D3616B8D2BA /* Pods_VCWebContentDownloaderDemo.framework */; };
/* End PBXBuildFile section */

/* Begin PBXFileReference section */
		4FB6035094B35D3616B8D2BA /* Pods_VCWebContentDownloaderDemo.framework */ = {isa = PBXFileReference; explicitFileType = wrapper.framework; includeInIndex = 0; path = Pods_VCWebContentDownloaderDemo.framework; sourceTree = BUILT_PRODUCTS_DIR; };
		66102D3C1ED6A81400F5F0F3 /* VCWebNovelDownloadManager.swift */ = {isa = PBXFileReference; fileEncoding = 4; lastKnownFileType = sourcecode.swift; path = VCWebNovelDownloadManager.swift; sourceTree = "<group>"; };
		66102D401ED7DE6C00F5F0F3 /* Constants.swift */ = {isa = PBXFileReference; fileEncoding = 4; lastKnownFileType = sourcecode.swift; path = Constants.swift; sourceTree = "<group>"; };
		666669DC1EBAE87B00EE444E /* VCWebContentDownloaderDemo.app */ = {isa = PBXFileReference; explicitFileType = wrapper.application; includeInIndex = 0; path = VCWebContentDownloaderDemo.app; sourceTree = BUILT_PRODUCTS_DIR; };
		666669DF1EBAE87B00EE444E /* AppDelegate.swift */ = {isa = PBXFileReference; lastKnownFileType = sourcecode.swift; path = AppDelegate.swift; sourceTree = "<group>"; };
		666669E41EBAE87B00EE444E /* Base */ = {isa = PBXFileReference; lastKnownFileType = file.storyboard; name = Base; path = Base.lproj/Main.storyboard; sourceTree = "<group>"; };
		666669E61EBAE87B00EE444E /* Assets.xcassets */ = {isa = PBXFileReference; lastKnownFileType = folder.assetcatalog; path = Assets.xcassets; sourceTree = "<group>"; };
		666669E91EBAE87B00EE444E /* Base */ = {isa = PBXFileReference; lastKnownFileType = file.storyboard; name = Base; path = Base.lproj/LaunchScreen.storyboard; sourceTree = "<group>"; };
		666669EB1EBAE87B00EE444E /* Info.plist */ = {isa = PBXFileReference; lastKnownFileType = text.plist.xml; path = Info.plist; sourceTree = "<group>"; };
		66666A061EBB335200EE444E /* VCSearchViewController.swift */ = {isa = PBXFileReference; fileEncoding = 4; lastKnownFileType = sourcecode.swift; path = VCSearchViewController.swift; sourceTree = "<group>"; };
		B2EDC32703C7292740CD52A0 /* Pods-VCWebContentDownloaderDemo.debug.xcconfig */ = {isa = PBXFileReference; includeInIndex = 1; lastKnownFileType = text.xcconfig; name = "Pods-VCWebContentDownloaderDemo.debug.xcconfig"; path = "Pods/Target Support Files/Pods-VCWebContentDownloaderDemo/Pods-VCWebContentDownloaderDemo.debug.xcconfig"; sourceTree = "<group>"; };
		BF95E5CBA9C8317A64A3D3E9 /* Pods-VCWebContentDownloaderDemo.release.xcconfig */ = {isa = PBXFileReference; includeInIndex = 1; lastKnownFileType = text.xcconfig; name = "Pods-VCWebContentDownloaderDemo.release.xcconfig"; path = "Pods/Target Support Files/Pods-VCWebContentDownloaderDemo/Pods-VCWebContentDownloaderDemo.release.xcconfig"; sourceTree = "<group>"; };
/* End PBXFileReference section */

/* Begin PBXFrameworksBuildPhase section */
		666669D91EBAE87B00EE444E /* Frameworks */ = {
			isa = PBXFrameworksBuildPhase;
			buildActionMask = 2147483647;
			files = (
				F50CD9774FB4FB680CC991C3 /* Pods_VCWebContentDownloaderDemo.framework in Frameworks */,
			);
			runOnlyForDeploymentPostprocessing = 0;
		};
/* End PBXFrameworksBuildPhase section */

/* Begin PBXGroup section */
		40F1E3A6689F98388E3D7F45 /* Pods */ = {
			isa = PBXGroup;
			children = (
				B2EDC32703C7292740CD52A0 /* Pods-VCWebContentDownloaderDemo.debug.xcconfig */,
				BF95E5CBA9C8317A64A3D3E9 /* Pods-VCWebContentDownloaderDemo.release.xcconfig */,
			);
			name = Pods;
			sourceTree = "<group>";
		};
		66102D3B1ED6A7D200F5F0F3 /* model */ = {
			isa = PBXGroup;
			children = (
				66102D3C1ED6A81400F5F0F3 /* VCWebNovelDownloadManager.swift */,
			);
			name = model;
			sourceTree = "<group>";
		};
		666669D31EBAE87B00EE444E = {
			isa = PBXGroup;
			children = (
				666669DE1EBAE87B00EE444E /* VCWebContentDownloaderDemo */,
				666669DD1EBAE87B00EE444E /* Products */,
				40F1E3A6689F98388E3D7F45 /* Pods */,
				E3A7596AA90185DDA4F2222B /* Frameworks */,
			);
			sourceTree = "<group>";
		};
		666669DD1EBAE87B00EE444E /* Products */ = {
			isa = PBXGroup;
			children = (
				666669DC1EBAE87B00EE444E /* VCWebContentDownloaderDemo.app */,
			);
			name = Products;
			sourceTree = "<group>";
		};
		666669DE1EBAE87B00EE444E /* VCWebContentDownloaderDemo */ = {
			isa = PBXGroup;
			children = (
				66102D3B1ED6A7D200F5F0F3 /* model */,
				666669DF1EBAE87B00EE444E /* AppDelegate.swift */,
				66666A081EBB335500EE444E /* controllers */,
				666669E31EBAE87B00EE444E /* Main.storyboard */,
				666669E61EBAE87B00EE444E /* Assets.xcassets */,
				66666A091EBB349600EE444E /* support files */,
				66102D401ED7DE6C00F5F0F3 /* Constants.swift */,
			);
			path = VCWebContentDownloaderDemo;
			sourceTree = "<group>";
		};
		66666A081EBB335500EE444E /* controllers */ = {
			isa = PBXGroup;
			children = (
				66666A061EBB335200EE444E /* VCSearchViewController.swift */,
			);
			name = controllers;
			sourceTree = "<group>";
		};
		66666A091EBB349600EE444E /* support files */ = {
			isa = PBXGroup;
			children = (
				666669E81EBAE87B00EE444E /* LaunchScreen.storyboard */,
				666669EB1EBAE87B00EE444E /* Info.plist */,
			);
			name = "support files";
			sourceTree = "<group>";
		};
		E3A7596AA90185DDA4F2222B /* Frameworks */ = {
			isa = PBXGroup;
			children = (
				4FB6035094B35D3616B8D2BA /* Pods_VCWebContentDownloaderDemo.framework */,
			);
			name = Frameworks;
			sourceTree = "<group>";
		};
/* End PBXGroup section */

/* Begin PBXNativeTarget section */
		666669DB1EBAE87B00EE444E /* VCWebContentDownloaderDemo */ = {
			isa = PBXNativeTarget;
			buildConfigurationList = 666669EE1EBAE87B00EE444E /* Build configuration list for PBXNativeTarget "VCWebContentDownloaderDemo" */;
			buildPhases = (
				7BEA9BAC4503946A92FDEA37 /* [CP] Check Pods Manifest.lock */,
				666669D81EBAE87B00EE444E /* Sources */,
				666669D91EBAE87B00EE444E /* Frameworks */,
				666669DA1EBAE87B00EE444E /* Resources */,
				FE48A6F385BC8F7E3F6EEF2C /* [CP] Embed Pods Frameworks */,
				81B4777A713091EED31BA628 /* [CP] Copy Pods Resources */,
			);
			buildRules = (
			);
			dependencies = (
			);
			name = VCWebContentDownloaderDemo;
			productName = VCWebContentDownloaderDemo;
			productReference = 666669DC1EBAE87B00EE444E /* VCWebContentDownloaderDemo.app */;
			productType = "com.apple.product-type.application";
		};
/* End PBXNativeTarget section */

/* Begin PBXProject section */
		666669D41EBAE87B00EE444E /* Project object */ = {
			isa = PBXProject;
			attributes = {
				LastSwiftUpdateCheck = 0830;
				LastUpgradeCheck = 0830;
				ORGANIZATIONNAME = "VHHC Studio";
				TargetAttributes = {
					666669DB1EBAE87B00EE444E = {
						CreatedOnToolsVersion = 8.3.2;
						DevelopmentTeam = ZWQWGRSN4T;
						LastSwiftMigration = 0830;
						ProvisioningStyle = Automatic;
					};
				};
			};
			buildConfigurationList = 666669D71EBAE87B00EE444E /* Build configuration list for PBXProject "VCWebContentDownloaderDemo" */;
			compatibilityVersion = "Xcode 3.2";
			developmentRegion = English;
			hasScannedForEncodings = 0;
			knownRegions = (
				en,
				Base,
			);
			mainGroup = 666669D31EBAE87B00EE444E;
			productRefGroup = 666669DD1EBAE87B00EE444E /* Products */;
			projectDirPath = "";
			projectRoot = "";
			targets = (
				666669DB1EBAE87B00EE444E /* VCWebContentDownloaderDemo */,
			);
		};
/* End PBXProject section */

/* Begin PBXResourcesBuildPhase section */
		666669DA1EBAE87B00EE444E /* Resources */ = {
			isa = PBXResourcesBuildPhase;
			buildActionMask = 2147483647;
			files = (
				666669EA1EBAE87B00EE444E /* LaunchScreen.storyboard in Resources */,
				666669E71EBAE87B00EE444E /* Assets.xcassets in Resources */,
				666669E51EBAE87B00EE444E /* Main.storyboard in Resources */,
			);
			runOnlyForDeploymentPostprocessing = 0;
		};
/* End PBXResourcesBuildPhase section */

/* Begin PBXShellScriptBuildPhase section */
		7BEA9BAC4503946A92FDEA37 /* [CP] Check Pods Manifest.lock */ = {
			isa = PBXShellScriptBuildPhase;
			buildActionMask = 2147483647;
			files = (
			);
			inputPaths = (
			);
			name = "[CP] Check Pods Manifest.lock";
			outputPaths = (
			);
			runOnlyForDeploymentPostprocessing = 0;
			shellPath = /bin/sh;
			shellScript = "diff \"${PODS_PODFILE_DIR_PATH}/Podfile.lock\" \"${PODS_ROOT}/Manifest.lock\" > /dev/null\nif [ $? != 0 ] ; then\n    # print error to STDERR\n    echo \"error: The sandbox is not in sync with the Podfile.lock. Run 'pod install' or update your CocoaPods installation.\" >&2\n    exit 1\nfi\n";
			showEnvVarsInLog = 0;
		};
		81B4777A713091EED31BA628 /* [CP] Copy Pods Resources */ = {
			isa = PBXShellScriptBuildPhase;
			buildActionMask = 2147483647;
			files = (
			);
			inputPaths = (
			);
			name = "[CP] Copy Pods Resources";
			outputPaths = (
			);
			runOnlyForDeploymentPostprocessing = 0;
			shellPath = /bin/sh;
			shellScript = "\"${SRCROOT}/Pods/Target Support Files/Pods-VCWebContentDownloaderDemo/Pods-VCWebContentDownloaderDemo-resources.sh\"\n";
			showEnvVarsInLog = 0;
		};
		FE48A6F385BC8F7E3F6EEF2C /* [CP] Embed Pods Frameworks */ = {
			isa = PBXShellScriptBuildPhase;
			buildActionMask = 2147483647;
			files = (
			);
			inputPaths = (
			);
			name = "[CP] Embed Pods Frameworks";
			outputPaths = (
			);
			runOnlyForDeploymentPostprocessing = 0;
			shellPath = /bin/sh;
			shellScript = "\"${SRCROOT}/Pods/Target Support Files/Pods-VCWebContentDownloaderDemo/Pods-VCWebContentDownloaderDemo-frameworks.sh\"\n";
			showEnvVarsInLog = 0;
		};
/* End PBXShellScriptBuildPhase section */

/* Begin PBXSourcesBuildPhase section */
		666669D81EBAE87B00EE444E /* Sources */ = {
			isa = PBXSourcesBuildPhase;
			buildActionMask = 2147483647;
			files = (
				666669E01EBAE87B00EE444E /* AppDelegate.swift in Sources */,
				66666A071EBB335200EE444E /* VCSearchViewController.swift in Sources */,
				66102D3D1ED6A81400F5F0F3 /* VCWebNovelDownloadManager.swift in Sources */,
				66102D411ED7DE6C00F5F0F3 /* Constants.swift in Sources */,
			);
			runOnlyForDeploymentPostprocessing = 0;
		};
/* End PBXSourcesBuildPhase section */

/* Begin PBXVariantGroup section */
		666669E31EBAE87B00EE444E /* Main.storyboard */ = {
			isa = PBXVariantGroup;
			children = (
				666669E41EBAE87B00EE444E /* Base */,
			);
			name = Main.storyboard;
			sourceTree = "<group>";
		};
		666669E81EBAE87B00EE444E /* LaunchScreen.storyboard */ = {
			isa = PBXVariantGroup;
			children = (
				666669E91EBAE87B00EE444E /* Base */,
			);
			name = LaunchScreen.storyboard;
			sourceTree = "<group>";
		};
/* End PBXVariantGroup section */

/* Begin XCBuildConfiguration section */
		666669EC1EBAE87B00EE444E /* Debug */ = {
			isa = XCBuildConfiguration;
			buildSettings = {
				ALWAYS_SEARCH_USER_PATHS = NO;
				CLANG_ANALYZER_NONNULL = YES;
				CLANG_ANALYZER_NUMBER_OBJECT_CONVERSION = YES_AGGRESSIVE;
				CLANG_CXX_LANGUAGE_STANDARD = "gnu++0x";
				CLANG_CXX_LIBRARY = "libc++";
				CLANG_ENABLE_MODULES = YES;
				CLANG_ENABLE_OBJC_ARC = YES;
				CLANG_WARN_BOOL_CONVERSION = YES;
				CLANG_WARN_CONSTANT_CONVERSION = YES;
				CLANG_WARN_DIRECT_OBJC_ISA_USAGE = YES_ERROR;
				CLANG_WARN_DOCUMENTATION_COMMENTS = YES;
				CLANG_WARN_EMPTY_BODY = YES;
				CLANG_WARN_ENUM_CONVERSION = YES;
				CLANG_WARN_INFINITE_RECURSION = YES;
				CLANG_WARN_INT_CONVERSION = YES;
				CLANG_WARN_OBJC_ROOT_CLASS = YES_ERROR;
				CLANG_WARN_SUSPICIOUS_MOVE = YES;
				CLANG_WARN_UNREACHABLE_CODE = YES;
				CLANG_WARN__DUPLICATE_METHOD_MATCH = YES;
				"CODE_SIGN_IDENTITY[sdk=iphoneos*]" = "iPhone Developer";
				COPY_PHASE_STRIP = NO;
				DEBUG_INFORMATION_FORMAT = dwarf;
				ENABLE_STRICT_OBJC_MSGSEND = YES;
				ENABLE_TESTABILITY = YES;
				GCC_C_LANGUAGE_STANDARD = gnu99;
				GCC_DYNAMIC_NO_PIC = NO;
				GCC_NO_COMMON_BLOCKS = YES;
				GCC_OPTIMIZATION_LEVEL = 0;
				GCC_PREPROCESSOR_DEFINITIONS = (
					"DEBUG=1",
					"$(inherited)",
				);
				GCC_WARN_64_TO_32_BIT_CONVERSION = YES;
				GCC_WARN_ABOUT_RETURN_TYPE = YES_ERROR;
				GCC_WARN_UNDECLARED_SELECTOR = YES;
				GCC_WARN_UNINITIALIZED_AUTOS = YES_AGGRESSIVE;
				GCC_WARN_UNUSED_FUNCTION = YES;
				GCC_WARN_UNUSED_VARIABLE = YES;
				IPHONEOS_DEPLOYMENT_TARGET = 10.3;
				MTL_ENABLE_DEBUG_INFO = YES;
				ONLY_ACTIVE_ARCH = YES;
				OTHER_SWIFT_FLAGS = "";
				SDKROOT = iphoneos;
				SWIFT_ACTIVE_COMPILATION_CONDITIONS = DEBUG;
				SWIFT_OPTIMIZATION_LEVEL = "-Onone";
			};
			name = Debug;
		};
		666669ED1EBAE87B00EE444E /* Release */ = {
			isa = XCBuildConfiguration;
			buildSettings = {
				ALWAYS_SEARCH_USER_PATHS = NO;
				CLANG_ANALYZER_NONNULL = YES;
				CLANG_ANALYZER_NUMBER_OBJECT_CONVERSION = YES_AGGRESSIVE;
				CLANG_CXX_LANGUAGE_STANDARD = "gnu++0x";
				CLANG_CXX_LIBRARY = "libc++";
				CLANG_ENABLE_MODULES = YES;
				CLANG_ENABLE_OBJC_ARC = YES;
				CLANG_WARN_BOOL_CONVERSION = YES;
				CLANG_WARN_CONSTANT_CONVERSION = YES;
				CLANG_WARN_DIRECT_OBJC_ISA_USAGE = YES_ERROR;
				CLANG_WARN_DOCUMENTATION_COMMENTS = YES;
				CLANG_WARN_EMPTY_BODY = YES;
				CLANG_WARN_ENUM_CONVERSION = YES;
				CLANG_WARN_INFINITE_RECURSION = YES;
				CLANG_WARN_INT_CONVERSION = YES;
				CLANG_WARN_OBJC_ROOT_CLASS = YES_ERROR;
				CLANG_WARN_SUSPICIOUS_MOVE = YES;
				CLANG_WARN_UNREACHABLE_CODE = YES;
				CLANG_WARN__DUPLICATE_METHOD_MATCH = YES;
				"CODE_SIGN_IDENTITY[sdk=iphoneos*]" = "iPhone Developer";
				COPY_PHASE_STRIP = NO;
				DEBUG_INFORMATION_FORMAT = "dwarf-with-dsym";
				ENABLE_NS_ASSERTIONS = NO;
				ENABLE_STRICT_OBJC_MSGSEND = YES;
				GCC_C_LANGUAGE_STANDARD = gnu99;
				GCC_NO_COMMON_BLOCKS = YES;
				GCC_WARN_64_TO_32_BIT_CONVERSION = YES;
				GCC_WARN_ABOUT_RETURN_TYPE = YES_ERROR;
				GCC_WARN_UNDECLARED_SELECTOR = YES;
				GCC_WARN_UNINITIALIZED_AUTOS = YES_AGGRESSIVE;
				GCC_WARN_UNUSED_FUNCTION = YES;
				GCC_WARN_UNUSED_VARIABLE = YES;
				IPHONEOS_DEPLOYMENT_TARGET = 10.3;
				MTL_ENABLE_DEBUG_INFO = NO;
				SDKROOT = iphoneos;
				SWIFT_ACTIVE_COMPILATION_CONDITIONS = RELEASE;
				SWIFT_OPTIMIZATION_LEVEL = "-Owholemodule";
				VALIDATE_PRODUCT = YES;
			};
			name = Release;
		};
		666669EF1EBAE87B00EE444E /* Debug */ = {
			isa = XCBuildConfiguration;
			baseConfigurationReference = B2EDC32703C7292740CD52A0 /* Pods-VCWebContentDownloaderDemo.debug.xcconfig */;
			buildSettings = {
				ASSETCATALOG_COMPILER_APPICON_NAME = AppIcon;
				CLANG_ENABLE_MODULES = YES;
				DEVELOPMENT_TEAM = ZWQWGRSN4T;
				INFOPLIST_FILE = VCWebContentDownloaderDemo/Info.plist;
				LD_RUNPATH_SEARCH_PATHS = "$(inherited) @executable_path/Frameworks";
				OTHER_SWIFT_FLAGS = "-DDEBUG";
				PRODUCT_BUNDLE_IDENTIFIER = com.VHHC.VCWebContentDownloaderDemo;
				PRODUCT_NAME = "$(TARGET_NAME)";
				SWIFT_OBJC_BRIDGING_HEADER = "";
				SWIFT_OPTIMIZATION_LEVEL = "-Onone";
				SWIFT_VERSION = 3.0;
			};
			name = Debug;
		};
		666669F01EBAE87B00EE444E /* Release */ = {
			isa = XCBuildConfiguration;
			baseConfigurationReference = BF95E5CBA9C8317A64A3D3E9 /* Pods-VCWebContentDownloaderDemo.release.xcconfig */;
			buildSettings = {
				ASSETCATALOG_COMPILER_APPICON_NAME = AppIcon;
				CLANG_ENABLE_MODULES = YES;
				DEVELOPMENT_TEAM = ZWQWGRSN4T;
				INFOPLIST_FILE = VCWebContentDownloaderDemo/Info.plist;
				LD_RUNPATH_SEARCH_PATHS = "$(inherited) @executable_path/Frameworks";
				OTHER_SWIFT_FLAGS = "-DRELEASE";
				PRODUCT_BUNDLE_IDENTIFIER = com.VHHC.VCWebContentDownloaderDemo;
				PRODUCT_NAME = "$(TARGET_NAME)";
				SWIFT_OBJC_BRIDGING_HEADER = "";
				SWIFT_VERSION = 3.0;
			};
			name = Release;
		};
/* End XCBuildConfiguration section */

/* Begin XCConfigurationList section */
		666669D71EBAE87B00EE444E /* Build configuration list for PBXProject "VCWebContentDownloaderDemo" */ = {
			isa = XCConfigurationList;
			buildConfigurations = (
				666669EC1EBAE87B00EE444E /* Debug */,
				666669ED1EBAE87B00EE444E /* Release */,
			);
			defaultConfigurationIsVisible = 0;
			defaultConfigurationName = Release;
		};
		666669EE1EBAE87B00EE444E /* Build configuration list for PBXNativeTarget "VCWebContentDownloaderDemo" */ = {
			isa = XCConfigurationList;
			buildConfigurations = (
				666669EF1EBAE87B00EE444E /* Debug */,
				666669F01EBAE87B00EE444E /* Release */,
			);
			defaultConfigurationIsVisible = 0;
			defaultConfigurationName = Release;
		};
/* End XCConfigurationList section */
	};
	rootObject = 666669D41EBAE87B00EE444E /* Project object */;
}
